{
  "name": "chromium_status_py3",
  "version": "1.0.0",
  "lockfileVersion": 1,
  "requires": true,
  "dependencies": {
    "dygraphs": {
      "version": "2.1.0",
      "resolved": "https://registry.npmjs.org/dygraphs/-/dygraphs-2.1.0.tgz",
      "integrity": "sha1-L7/SyAPq0CMH3z+vjU3T71XLIHU="
    }
  }
}
